// !$*UTF8*$!
{
	archiveVersion = 1;
	classes = {
	};
	objectVersion = 51;
	objects = {

/* Begin PBXBuildFile section */
		1B3A50EB26BBD89200F36EBB /* dailyattendancemanagementApp.swift in Sources */ = {isa = PBXBuildFile; fileRef = 1B3A50EA26BBD89200F36EBB /* dailyattendancemanagementApp.swift */; };
		1B3A50EF26BBD89300F36EBB /* Assets.xcassets in Resources */ = {isa = PBXBuildFile; fileRef = 1B3A50EE26BBD89300F36EBB /* Assets.xcassets */; };
		1B3A50F226BBD89300F36EBB /* Preview Assets.xcassets in Resources */ = {isa = PBXBuildFile; fileRef = 1B3A50F126BBD89300F36EBB /* Preview Assets.xcassets */; };
		1B3A50FD26BBDDE100F36EBB /* AppDelegate.swift in Sources */ = {isa = PBXBuildFile; fileRef = 1B3A50FC26BBDDE100F36EBB /* AppDelegate.swift */; };
		1B3A50FF26BCAE2B00F36EBB /* LoginView.swift in Sources */ = {isa = PBXBuildFile; fileRef = 1B3A50FE26BCAE2B00F36EBB /* LoginView.swift */; };
		1B3A510226BCB86B00F36EBB /* SigninWithApple.swift in Sources */ = {isa = PBXBuildFile; fileRef = 1B3A510126BCB86B00F36EBB /* SigninWithApple.swift */; };
		1B3A510D26BCBA7500F36EBB /* String+Extensions.swift in Sources */ = {isa = PBXBuildFile; fileRef = 1B3A510B26BCBA7500F36EBB /* String+Extensions.swift */; };
		1B3A510E26BCBA7500F36EBB /* Color+Extensions.swift in Sources */ = {isa = PBXBuildFile; fileRef = 1B3A510C26BCBA7500F36EBB /* Color+Extensions.swift */; };
		1B5610C526BCC08C0035D1BC /* Color.xcassets in Resources */ = {isa = PBXBuildFile; fileRef = 1B5610C426BCC08C0035D1BC /* Color.xcassets */; };
		1B5610C726BCC2B70035D1BC /* Launch Screen.storyboard in Resources */ = {isa = PBXBuildFile; fileRef = 1B5610C626BCC2B70035D1BC /* Launch Screen.storyboard */; };
		1B5610CC26BCC6CD0035D1BC /* MainView.swift in Sources */ = {isa = PBXBuildFile; fileRef = 1B5610CB26BCC6CD0035D1BC /* MainView.swift */; };
		1B5610D026BCCA680035D1BC /* RootView.swift in Sources */ = {isa = PBXBuildFile; fileRef = 1B5610CF26BCCA680035D1BC /* RootView.swift */; };
		1B5610D326BCCC7A0035D1BC /* LottieView.swift in Sources */ = {isa = PBXBuildFile; fileRef = 1B5610D226BCCC7A0035D1BC /* LottieView.swift */; };
		1B5610D526BCCD250035D1BC /* lottie in Resources */ = {isa = PBXBuildFile; fileRef = 1B5610D426BCCD250035D1BC /* lottie */; };
		1B5610D726BCE4490035D1BC /* SignInWithAppleButton.swift in Sources */ = {isa = PBXBuildFile; fileRef = 1B5610D626BCE4490035D1BC /* SignInWithAppleButton.swift */; };
		1B74EF1126BCF6500001231F /* KeyChainUtill.swift in Sources */ = {isa = PBXBuildFile; fileRef = 1B74EF1026BCF6500001231F /* KeyChainUtill.swift */; };
		1B74EF1526BCFCA70001231F /* ReadyView.swift in Sources */ = {isa = PBXBuildFile; fileRef = 1B74EF1426BCFCA70001231F /* ReadyView.swift */; };
		1B74EF1726BCFF8B0001231F /* AuthManager.swift in Sources */ = {isa = PBXBuildFile; fileRef = 1B74EF1626BCFF8B0001231F /* AuthManager.swift */; };
		1B74EF1926BD1A570001231F /* SigninWithGoogle.swift in Sources */ = {isa = PBXBuildFile; fileRef = 1B74EF1826BD1A570001231F /* SigninWithGoogle.swift */; };
		1B74EF1D26BD21840001231F /* GoogleService-Info.plist in Resources */ = {isa = PBXBuildFile; fileRef = 1B74EF1C26BD21840001231F /* GoogleService-Info.plist */; };
		1B74EF1F26BD2C660001231F /* AuthDataResult+Extensions.swift in Sources */ = {isa = PBXBuildFile; fileRef = 1B74EF1E26BD2C660001231F /* AuthDataResult+Extensions.swift */; };
		1B8C172726C0EBC20059BDE8 /* StorageManager.swift in Sources */ = {isa = PBXBuildFile; fileRef = 1B8C172626C0EBC20059BDE8 /* StorageManager.swift */; };
		1B8C172926C0FB7A0059BDE8 /* CGSize+Extensions.swift in Sources */ = {isa = PBXBuildFile; fileRef = 1B8C172826C0FB7A0059BDE8 /* CGSize+Extensions.swift */; };
		1B8C173126C119FC0059BDE8 /* ProfileModel.swift in Sources */ = {isa = PBXBuildFile; fileRef = 1B8C173026C119FC0059BDE8 /* ProfileModel.swift */; };
		CFEFB703040669C4FF5F2DBA /* Pods_dailyattendancemanagement.framework in Frameworks */ = {isa = PBXBuildFile; fileRef = C6C0BF00DA414348E236EAFB /* Pods_dailyattendancemanagement.framework */; };
/* End PBXBuildFile section */

/* Begin PBXFileReference section */
		1B3A50E726BBD89200F36EBB /* dailyattendancemanagement.app */ = {isa = PBXFileReference; explicitFileType = wrapper.application; includeInIndex = 0; path = dailyattendancemanagement.app; sourceTree = BUILT_PRODUCTS_DIR; };
		1B3A50EA26BBD89200F36EBB /* dailyattendancemanagementApp.swift */ = {isa = PBXFileReference; lastKnownFileType = sourcecode.swift; path = dailyattendancemanagementApp.swift; sourceTree = "<group>"; };
		1B3A50EE26BBD89300F36EBB /* Assets.xcassets */ = {isa = PBXFileReference; lastKnownFileType = folder.assetcatalog; path = Assets.xcassets; sourceTree = "<group>"; };
		1B3A50F126BBD89300F36EBB /* Preview Assets.xcassets */ = {isa = PBXFileReference; lastKnownFileType = folder.assetcatalog; path = "Preview Assets.xcassets"; sourceTree = "<group>"; };
		1B3A50F326BBD89300F36EBB /* Info.plist */ = {isa = PBXFileReference; lastKnownFileType = text.plist.xml; path = Info.plist; sourceTree = "<group>"; };
		1B3A50FC26BBDDE100F36EBB /* AppDelegate.swift */ = {isa = PBXFileReference; lastKnownFileType = sourcecode.swift; path = AppDelegate.swift; sourceTree = "<group>"; };
		1B3A50FE26BCAE2B00F36EBB /* LoginView.swift */ = {isa = PBXFileReference; lastKnownFileType = sourcecode.swift; path = LoginView.swift; sourceTree = "<group>"; };
		1B3A510126BCB86B00F36EBB /* SigninWithApple.swift */ = {isa = PBXFileReference; fileEncoding = 4; lastKnownFileType = sourcecode.swift; path = SigninWithApple.swift; sourceTree = "<group>"; };
		1B3A510326BCBA2100F36EBB /* CryptoKit.framework */ = {isa = PBXFileReference; lastKnownFileType = wrapper.framework; name = CryptoKit.framework; path = System/Library/Frameworks/CryptoKit.framework; sourceTree = SDKROOT; };
		1B3A510B26BCBA7500F36EBB /* String+Extensions.swift */ = {isa = PBXFileReference; fileEncoding = 4; lastKnownFileType = sourcecode.swift; path = "String+Extensions.swift"; sourceTree = "<group>"; };
		1B3A510C26BCBA7500F36EBB /* Color+Extensions.swift */ = {isa = PBXFileReference; fileEncoding = 4; lastKnownFileType = sourcecode.swift; path = "Color+Extensions.swift"; sourceTree = "<group>"; };
		1B5610C426BCC08C0035D1BC /* Color.xcassets */ = {isa = PBXFileReference; lastKnownFileType = folder.assetcatalog; path = Color.xcassets; sourceTree = "<group>"; };
		1B5610C626BCC2B70035D1BC /* Launch Screen.storyboard */ = {isa = PBXFileReference; lastKnownFileType = file.storyboard; path = "Launch Screen.storyboard"; sourceTree = "<group>"; };
		1B5610CA26BCC5400035D1BC /* dailyattendancemanagement.entitlements */ = {isa = PBXFileReference; lastKnownFileType = text.plist.entitlements; path = dailyattendancemanagement.entitlements; sourceTree = "<group>"; };
		1B5610CB26BCC6CD0035D1BC /* MainView.swift */ = {isa = PBXFileReference; lastKnownFileType = sourcecode.swift; path = MainView.swift; sourceTree = "<group>"; };
		1B5610CF26BCCA680035D1BC /* RootView.swift */ = {isa = PBXFileReference; lastKnownFileType = sourcecode.swift; path = RootView.swift; sourceTree = "<group>"; };
		1B5610D226BCCC7A0035D1BC /* LottieView.swift */ = {isa = PBXFileReference; lastKnownFileType = sourcecode.swift; path = LottieView.swift; sourceTree = "<group>"; };
		1B5610D426BCCD250035D1BC /* lottie */ = {isa = PBXFileReference; lastKnownFileType = folder; path = lottie; sourceTree = "<group>"; };
		1B5610D626BCE4490035D1BC /* SignInWithAppleButton.swift */ = {isa = PBXFileReference; lastKnownFileType = sourcecode.swift; path = SignInWithAppleButton.swift; sourceTree = "<group>"; };
		1B74EF1026BCF6500001231F /* KeyChainUtill.swift */ = {isa = PBXFileReference; fileEncoding = 4; lastKnownFileType = sourcecode.swift; path = KeyChainUtill.swift; sourceTree = "<group>"; };
		1B74EF1426BCFCA70001231F /* ReadyView.swift */ = {isa = PBXFileReference; lastKnownFileType = sourcecode.swift; path = ReadyView.swift; sourceTree = "<group>"; };
		1B74EF1626BCFF8B0001231F /* AuthManager.swift */ = {isa = PBXFileReference; lastKnownFileType = sourcecode.swift; path = AuthManager.swift; sourceTree = "<group>"; };
		1B74EF1826BD1A570001231F /* SigninWithGoogle.swift */ = {isa = PBXFileReference; lastKnownFileType = sourcecode.swift; path = SigninWithGoogle.swift; sourceTree = "<group>"; };
		1B74EF1C26BD21840001231F /* GoogleService-Info.plist */ = {isa = PBXFileReference; fileEncoding = 4; lastKnownFileType = text.plist.xml; path = "GoogleService-Info.plist"; sourceTree = "<group>"; };
		1B74EF1E26BD2C660001231F /* AuthDataResult+Extensions.swift */ = {isa = PBXFileReference; lastKnownFileType = sourcecode.swift; path = "AuthDataResult+Extensions.swift"; sourceTree = "<group>"; };
		1B8C172626C0EBC20059BDE8 /* StorageManager.swift */ = {isa = PBXFileReference; lastKnownFileType = sourcecode.swift; path = StorageManager.swift; sourceTree = "<group>"; };
		1B8C172826C0FB7A0059BDE8 /* CGSize+Extensions.swift */ = {isa = PBXFileReference; lastKnownFileType = sourcecode.swift; path = "CGSize+Extensions.swift"; sourceTree = "<group>"; };
		1B8C173026C119FC0059BDE8 /* ProfileModel.swift */ = {isa = PBXFileReference; lastKnownFileType = sourcecode.swift; path = ProfileModel.swift; sourceTree = "<group>"; };
		55A67EEFB5B54218781CAACC /* Pods-dailyattendancemanagement.release.xcconfig */ = {isa = PBXFileReference; includeInIndex = 1; lastKnownFileType = text.xcconfig; name = "Pods-dailyattendancemanagement.release.xcconfig"; path = "Target Support Files/Pods-dailyattendancemanagement/Pods-dailyattendancemanagement.release.xcconfig"; sourceTree = "<group>"; };
		75BAE704AC05E928581A4403 /* Pods-dailyattendancemanagement.debug.xcconfig */ = {isa = PBXFileReference; includeInIndex = 1; lastKnownFileType = text.xcconfig; name = "Pods-dailyattendancemanagement.debug.xcconfig"; path = "Target Support Files/Pods-dailyattendancemanagement/Pods-dailyattendancemanagement.debug.xcconfig"; sourceTree = "<group>"; };
		C6C0BF00DA414348E236EAFB /* Pods_dailyattendancemanagement.framework */ = {isa = PBXFileReference; explicitFileType = wrapper.framework; includeInIndex = 0; path = Pods_dailyattendancemanagement.framework; sourceTree = BUILT_PRODUCTS_DIR; };
/* End PBXFileReference section */

/* Begin PBXFrameworksBuildPhase section */
		1B3A50E426BBD89200F36EBB /* Frameworks */ = {
			isa = PBXFrameworksBuildPhase;
			buildActionMask = 2147483647;
			files = (
				CFEFB703040669C4FF5F2DBA /* Pods_dailyattendancemanagement.framework in Frameworks */,
			);
			runOnlyForDeploymentPostprocessing = 0;
		};
/* End PBXFrameworksBuildPhase section */

/* Begin PBXGroup section */
		1B3A50DE26BBD89200F36EBB = {
			isa = PBXGroup;
			children = (
				1B3A50E926BBD89200F36EBB /* dailyattendancemanagement */,
				1B3A50E826BBD89200F36EBB /* Products */,
				36CCB026969E1EA5C2B2670F /* Pods */,
				5D678734D31ABFFCF6B27C79 /* Frameworks */,
			);
			sourceTree = "<group>";
		};
		1B3A50E826BBD89200F36EBB /* Products */ = {
			isa = PBXGroup;
			children = (
				1B3A50E726BBD89200F36EBB /* dailyattendancemanagement.app */,
			);
			name = Products;
			sourceTree = "<group>";
		};
		1B3A50E926BBD89200F36EBB /* dailyattendancemanagement */ = {
			isa = PBXGroup;
			children = (
				1B5610D426BCCD250035D1BC /* lottie */,
				1B3A50EE26BBD89300F36EBB /* Assets.xcassets */,
				1B5610C426BCC08C0035D1BC /* Color.xcassets */,
				1B3A50F326BBD89300F36EBB /* Info.plist */,
				1B74EF1C26BD21840001231F /* GoogleService-Info.plist */,
				1B5610CA26BCC5400035D1BC /* dailyattendancemanagement.entitlements */,
				1B5610C626BCC2B70035D1BC /* Launch Screen.storyboard */,
				1B3A50FC26BBDDE100F36EBB /* AppDelegate.swift */,
				1B3A50EA26BBD89200F36EBB /* dailyattendancemanagementApp.swift */,
				1B74EF0F26BCF6380001231F /* SingleTonUtills */,
				1B5610D126BCCC600035D1BC /* UIKit */,
				1B3A510A26BCBA7500F36EBB /* Extensions */,
				1B3A510026BCB85D00F36EBB /* Firebase */,
				1B5610D826BCF5420035D1BC /* View */,
				1B3A50F026BBD89300F36EBB /* Preview Content */,
			);
			path = dailyattendancemanagement;
			sourceTree = "<group>";
		};
		1B3A50F026BBD89300F36EBB /* Preview Content */ = {
			isa = PBXGroup;
			children = (
				1B3A50F126BBD89300F36EBB /* Preview Assets.xcassets */,
			);
			path = "Preview Content";
			sourceTree = "<group>";
		};
		1B3A510026BCB85D00F36EBB /* Firebase */ = {
			isa = PBXGroup;
			children = (
				1B8C172F26C119E60059BDE8 /* Model */,
				1B74EF1626BCFF8B0001231F /* AuthManager.swift */,
				1B8C172626C0EBC20059BDE8 /* StorageManager.swift */,
				1B3A510126BCB86B00F36EBB /* SigninWithApple.swift */,
				1B74EF1826BD1A570001231F /* SigninWithGoogle.swift */,
				1B74EF1E26BD2C660001231F /* AuthDataResult+Extensions.swift */,
			);
			path = Firebase;
			sourceTree = "<group>";
		};
		1B3A510A26BCBA7500F36EBB /* Extensions */ = {
			isa = PBXGroup;
			children = (
				1B8C172A26C0FBAE0059BDE8 /* Foundation */,
				1B8C172B26C0FBB70059BDE8 /* SwiftUI */,
				1B8C172C26C0FBC40059BDE8 /* UIKit */,
			);
			path = Extensions;
			sourceTree = "<group>";
		};
		1B5610D126BCCC600035D1BC /* UIKit */ = {
			isa = PBXGroup;
			children = (
				1B5610D226BCCC7A0035D1BC /* LottieView.swift */,
				1B5610D626BCE4490035D1BC /* SignInWithAppleButton.swift */,
			);
			path = UIKit;
			sourceTree = "<group>";
		};
		1B5610D826BCF5420035D1BC /* View */ = {
			isa = PBXGroup;
			children = (
				1B5610CF26BCCA680035D1BC /* RootView.swift */,
				1B74EF1426BCFCA70001231F /* ReadyView.swift */,
				1B3A50FE26BCAE2B00F36EBB /* LoginView.swift */,
				1B5610CB26BCC6CD0035D1BC /* MainView.swift */,
			);
			path = View;
			sourceTree = "<group>";
		};
		1B74EF0F26BCF6380001231F /* SingleTonUtills */ = {
			isa = PBXGroup;
			children = (
				1B74EF1026BCF6500001231F /* KeyChainUtill.swift */,
			);
			path = SingleTonUtills;
			sourceTree = "<group>";
		};
		1B8C172A26C0FBAE0059BDE8 /* Foundation */ = {
			isa = PBXGroup;
			children = (
				1B3A510B26BCBA7500F36EBB /* String+Extensions.swift */,
			);
			path = Foundation;
			sourceTree = "<group>";
		};
		1B8C172B26C0FBB70059BDE8 /* SwiftUI */ = {
			isa = PBXGroup;
			children = (
				1B3A510C26BCBA7500F36EBB /* Color+Extensions.swift */,
			);
			path = SwiftUI;
			sourceTree = "<group>";
		};
		1B8C172C26C0FBC40059BDE8 /* UIKit */ = {
			isa = PBXGroup;
			children = (
				1B8C172826C0FB7A0059BDE8 /* CGSize+Extensions.swift */,
			);
			path = UIKit;
			sourceTree = "<group>";
		};
		1B8C172F26C119E60059BDE8 /* Model */ = {
			isa = PBXGroup;
			children = (
				1B8C173026C119FC0059BDE8 /* ProfileModel.swift */,
			);
			path = Model;
			sourceTree = "<group>";
		};
		36CCB026969E1EA5C2B2670F /* Pods */ = {
			isa = PBXGroup;
			children = (
				75BAE704AC05E928581A4403 /* Pods-dailyattendancemanagement.debug.xcconfig */,
				55A67EEFB5B54218781CAACC /* Pods-dailyattendancemanagement.release.xcconfig */,
			);
			path = Pods;
			sourceTree = "<group>";
		};
		5D678734D31ABFFCF6B27C79 /* Frameworks */ = {
			isa = PBXGroup;
			children = (
				1B3A510326BCBA2100F36EBB /* CryptoKit.framework */,
				C6C0BF00DA414348E236EAFB /* Pods_dailyattendancemanagement.framework */,
			);
			name = Frameworks;
			sourceTree = "<group>";
		};
/* End PBXGroup section */

/* Begin PBXNativeTarget section */
		1B3A50E626BBD89200F36EBB /* dailyattendancemanagement */ = {
			isa = PBXNativeTarget;
			buildConfigurationList = 1B3A50F626BBD89300F36EBB /* Build configuration list for PBXNativeTarget "dailyattendancemanagement" */;
			buildPhases = (
				349CF365227362EE4B597C89 /* [CP] Check Pods Manifest.lock */,
				1B3A50E326BBD89200F36EBB /* Sources */,
				1B3A50E426BBD89200F36EBB /* Frameworks */,
				1B3A50E526BBD89200F36EBB /* Resources */,
				FF22F740A0A0F44D9464FE71 /* [CP] Embed Pods Frameworks */,
				1B3A50FB26BBDC4000F36EBB /* ShellScript */,
			);
			buildRules = (
			);
			dependencies = (
			);
			name = dailyattendancemanagement;
			productName = dailyattendancemanagement;
			productReference = 1B3A50E726BBD89200F36EBB /* dailyattendancemanagement.app */;
			productType = "com.apple.product-type.application";
		};
/* End PBXNativeTarget section */

/* Begin PBXProject section */
		1B3A50DF26BBD89200F36EBB /* Project object */ = {
			isa = PBXProject;
			attributes = {
				LastSwiftUpdateCheck = 1250;
				LastUpgradeCheck = 1250;
				TargetAttributes = {
					1B3A50E626BBD89200F36EBB = {
						CreatedOnToolsVersion = 12.5.1;
					};
				};
			};
			buildConfigurationList = 1B3A50E226BBD89200F36EBB /* Build configuration list for PBXProject "dailyattendancemanagement" */;
			compatibilityVersion = "Xcode 9.3";
			developmentRegion = en;
			hasScannedForEncodings = 0;
			knownRegions = (
				en,
				Base,
			);
			mainGroup = 1B3A50DE26BBD89200F36EBB;
			productRefGroup = 1B3A50E826BBD89200F36EBB /* Products */;
			projectDirPath = "";
			projectRoot = "";
			targets = (
				1B3A50E626BBD89200F36EBB /* dailyattendancemanagement */,
			);
		};
/* End PBXProject section */

/* Begin PBXResourcesBuildPhase section */
		1B3A50E526BBD89200F36EBB /* Resources */ = {
			isa = PBXResourcesBuildPhase;
			buildActionMask = 2147483647;
			files = (
				1B3A50F226BBD89300F36EBB /* Preview Assets.xcassets in Resources */,
				1B5610D526BCCD250035D1BC /* lottie in Resources */,
				1B5610C526BCC08C0035D1BC /* Color.xcassets in Resources */,
				1B3A50EF26BBD89300F36EBB /* Assets.xcassets in Resources */,
				1B5610C726BCC2B70035D1BC /* Launch Screen.storyboard in Resources */,
				1B74EF1D26BD21840001231F /* GoogleService-Info.plist in Resources */,
			);
			runOnlyForDeploymentPostprocessing = 0;
		};
/* End PBXResourcesBuildPhase section */

/* Begin PBXShellScriptBuildPhase section */
		1B3A50FB26BBDC4000F36EBB /* ShellScript */ = {
			isa = PBXShellScriptBuildPhase;
			buildActionMask = 2147483647;
			files = (
			);
			inputFileListPaths = (
			);
			inputPaths = (
				"${DWARF_DSYM_FOLDER_PATH}/${DWARF_DSYM_FILE_NAME}/Contents/Resources/DWARF/${TARGET_NAME}",
				"$(SRCROOT)/$(BUILT_PRODUCTS_DIR)/$(INFOPLIST_PATH)",
			);
			outputFileListPaths = (
			);
			outputPaths = (
			);
			runOnlyForDeploymentPostprocessing = 0;
			shellPath = /bin/sh;
			shellScript = "# Type a script or drag a script file from your workspace to insert its path.\n\"${PODS_ROOT}/FirebaseCrashlytics/run\"\n";
		};
		349CF365227362EE4B597C89 /* [CP] Check Pods Manifest.lock */ = {
			isa = PBXShellScriptBuildPhase;
			buildActionMask = 2147483647;
			files = (
			);
			inputFileListPaths = (
			);
			inputPaths = (
				"${PODS_PODFILE_DIR_PATH}/Podfile.lock",
				"${PODS_ROOT}/Manifest.lock",
			);
			name = "[CP] Check Pods Manifest.lock";
			outputFileListPaths = (
			);
			outputPaths = (
				"$(DERIVED_FILE_DIR)/Pods-dailyattendancemanagement-checkManifestLockResult.txt",
			);
			runOnlyForDeploymentPostprocessing = 0;
			shellPath = /bin/sh;
			shellScript = "diff \"${PODS_PODFILE_DIR_PATH}/Podfile.lock\" \"${PODS_ROOT}/Manifest.lock\" > /dev/null\nif [ $? != 0 ] ; then\n    # print error to STDERR\n    echo \"error: The sandbox is not in sync with the Podfile.lock. Run 'pod install' or update your CocoaPods installation.\" >&2\n    exit 1\nfi\n# This output is used by Xcode 'outputs' to avoid re-running this script phase.\necho \"SUCCESS\" > \"${SCRIPT_OUTPUT_FILE_0}\"\n";
			showEnvVarsInLog = 0;
		};
		FF22F740A0A0F44D9464FE71 /* [CP] Embed Pods Frameworks */ = {
			isa = PBXShellScriptBuildPhase;
			buildActionMask = 2147483647;
			files = (
			);
			inputFileListPaths = (
				"${PODS_ROOT}/Target Support Files/Pods-dailyattendancemanagement/Pods-dailyattendancemanagement-frameworks-${CONFIGURATION}-input-files.xcfilelist",
			);
			name = "[CP] Embed Pods Frameworks";
			outputFileListPaths = (
				"${PODS_ROOT}/Target Support Files/Pods-dailyattendancemanagement/Pods-dailyattendancemanagement-frameworks-${CONFIGURATION}-output-files.xcfilelist",
			);
			runOnlyForDeploymentPostprocessing = 0;
			shellPath = /bin/sh;
			shellScript = "\"${PODS_ROOT}/Target Support Files/Pods-dailyattendancemanagement/Pods-dailyattendancemanagement-frameworks.sh\"\n";
			showEnvVarsInLog = 0;
		};
/* End PBXShellScriptBuildPhase section */

/* Begin PBXSourcesBuildPhase section */
		1B3A50E326BBD89200F36EBB /* Sources */ = {
			isa = PBXSourcesBuildPhase;
			buildActionMask = 2147483647;
			files = (
				1B5610D726BCE4490035D1BC /* SignInWithAppleButton.swift in Sources */,
				1B74EF1126BCF6500001231F /* KeyChainUtill.swift in Sources */,
				1B5610D026BCCA680035D1BC /* RootView.swift in Sources */,
				1B8C173126C119FC0059BDE8 /* ProfileModel.swift in Sources */,
				1B74EF1726BCFF8B0001231F /* AuthManager.swift in Sources */,
				1B74EF1926BD1A570001231F /* SigninWithGoogle.swift in Sources */,
				1B3A50FD26BBDDE100F36EBB /* AppDelegate.swift in Sources */,
				1B5610D326BCCC7A0035D1BC /* LottieView.swift in Sources */,
				1B5610CC26BCC6CD0035D1BC /* MainView.swift in Sources */,
				1B74EF1526BCFCA70001231F /* ReadyView.swift in Sources */,
				1B3A50FF26BCAE2B00F36EBB /* LoginView.swift in Sources */,
				1B8C172926C0FB7A0059BDE8 /* CGSize+Extensions.swift in Sources */,
				1B3A510226BCB86B00F36EBB /* SigninWithApple.swift in Sources */,
				1B3A510E26BCBA7500F36EBB /* Color+Extensions.swift in Sources */,
				1B3A510D26BCBA7500F36EBB /* String+Extensions.swift in Sources */,
				1B3A50EB26BBD89200F36EBB /* dailyattendancemanagementApp.swift in Sources */,
				1B74EF1F26BD2C660001231F /* AuthDataResult+Extensions.swift in Sources */,
				1B8C172726C0EBC20059BDE8 /* StorageManager.swift in Sources */,
			);
			runOnlyForDeploymentPostprocessing = 0;
		};
/* End PBXSourcesBuildPhase section */

/* Begin XCBuildConfiguration section */
		1B3A50F426BBD89300F36EBB /* Debug */ = {
			isa = XCBuildConfiguration;
			buildSettings = {
				ALWAYS_SEARCH_USER_PATHS = NO;
				CLANG_ANALYZER_NONNULL = YES;
				CLANG_ANALYZER_NUMBER_OBJECT_CONVERSION = YES_AGGRESSIVE;
				CLANG_CXX_LANGUAGE_STANDARD = "gnu++14";
				CLANG_CXX_LIBRARY = "libc++";
				CLANG_ENABLE_MODULES = YES;
				CLANG_ENABLE_OBJC_ARC = YES;
				CLANG_ENABLE_OBJC_WEAK = YES;
				CLANG_WARN_BLOCK_CAPTURE_AUTORELEASING = YES;
				CLANG_WARN_BOOL_CONVERSION = YES;
				CLANG_WARN_COMMA = YES;
				CLANG_WARN_CONSTANT_CONVERSION = YES;
				CLANG_WARN_DEPRECATED_OBJC_IMPLEMENTATIONS = YES;
				CLANG_WARN_DIRECT_OBJC_ISA_USAGE = YES_ERROR;
				CLANG_WARN_DOCUMENTATION_COMMENTS = YES;
				CLANG_WARN_EMPTY_BODY = YES;
				CLANG_WARN_ENUM_CONVERSION = YES;
				CLANG_WARN_INFINITE_RECURSION = YES;
				CLANG_WARN_INT_CONVERSION = YES;
				CLANG_WARN_NON_LITERAL_NULL_CONVERSION = YES;
				CLANG_WARN_OBJC_IMPLICIT_RETAIN_SELF = YES;
				CLANG_WARN_OBJC_LITERAL_CONVERSION = YES;
				CLANG_WARN_OBJC_ROOT_CLASS = YES_ERROR;
				CLANG_WARN_QUOTED_INCLUDE_IN_FRAMEWORK_HEADER = YES;
				CLANG_WARN_RANGE_LOOP_ANALYSIS = YES;
				CLANG_WARN_STRICT_PROTOTYPES = YES;
				CLANG_WARN_SUSPICIOUS_MOVE = YES;
				CLANG_WARN_UNGUARDED_AVAILABILITY = YES_AGGRESSIVE;
				CLANG_WARN_UNREACHABLE_CODE = YES;
				CLANG_WARN__DUPLICATE_METHOD_MATCH = YES;
				COPY_PHASE_STRIP = NO;
				DEBUG_INFORMATION_FORMAT = dwarf;
				ENABLE_STRICT_OBJC_MSGSEND = YES;
				ENABLE_TESTABILITY = YES;
				GCC_C_LANGUAGE_STANDARD = gnu11;
				GCC_DYNAMIC_NO_PIC = NO;
				GCC_NO_COMMON_BLOCKS = YES;
				GCC_OPTIMIZATION_LEVEL = 0;
				GCC_PREPROCESSOR_DEFINITIONS = (
					"DEBUG=1",
					"$(inherited)",
				);
				GCC_WARN_64_TO_32_BIT_CONVERSION = YES;
				GCC_WARN_ABOUT_RETURN_TYPE = YES_ERROR;
				GCC_WARN_UNDECLARED_SELECTOR = YES;
				GCC_WARN_UNINITIALIZED_AUTOS = YES_AGGRESSIVE;
				GCC_WARN_UNUSED_FUNCTION = YES;
				GCC_WARN_UNUSED_VARIABLE = YES;
				IPHONEOS_DEPLOYMENT_TARGET = 14.5;
				MTL_ENABLE_DEBUG_INFO = INCLUDE_SOURCE;
				MTL_FAST_MATH = YES;
				ONLY_ACTIVE_ARCH = YES;
				SDKROOT = iphoneos;
				SWIFT_ACTIVE_COMPILATION_CONDITIONS = DEBUG;
				SWIFT_OPTIMIZATION_LEVEL = "-Onone";
			};
			name = Debug;
		};
		1B3A50F526BBD89300F36EBB /* Release */ = {
			isa = XCBuildConfiguration;
			buildSettings = {
				ALWAYS_SEARCH_USER_PATHS = NO;
				CLANG_ANALYZER_NONNULL = YES;
				CLANG_ANALYZER_NUMBER_OBJECT_CONVERSION = YES_AGGRESSIVE;
				CLANG_CXX_LANGUAGE_STANDARD = "gnu++14";
				CLANG_CXX_LIBRARY = "libc++";
				CLANG_ENABLE_MODULES = YES;
				CLANG_ENABLE_OBJC_ARC = YES;
				CLANG_ENABLE_OBJC_WEAK = YES;
				CLANG_WARN_BLOCK_CAPTURE_AUTORELEASING = YES;
				CLANG_WARN_BOOL_CONVERSION = YES;
				CLANG_WARN_COMMA = YES;
				CLANG_WARN_CONSTANT_CONVERSION = YES;
				CLANG_WARN_DEPRECATED_OBJC_IMPLEMENTATIONS = YES;
				CLANG_WARN_DIRECT_OBJC_ISA_USAGE = YES_ERROR;
				CLANG_WARN_DOCUMENTATION_COMMENTS = YES;
				CLANG_WARN_EMPTY_BODY = YES;
				CLANG_WARN_ENUM_CONVERSION = YES;
				CLANG_WARN_INFINITE_RECURSION = YES;
				CLANG_WARN_INT_CONVERSION = YES;
				CLANG_WARN_NON_LITERAL_NULL_CONVERSION = YES;
				CLANG_WARN_OBJC_IMPLICIT_RETAIN_SELF = YES;
				CLANG_WARN_OBJC_LITERAL_CONVERSION = YES;
				CLANG_WARN_OBJC_ROOT_CLASS = YES_ERROR;
				CLANG_WARN_QUOTED_INCLUDE_IN_FRAMEWORK_HEADER = YES;
				CLANG_WARN_RANGE_LOOP_ANALYSIS = YES;
				CLANG_WARN_STRICT_PROTOTYPES = YES;
				CLANG_WARN_SUSPICIOUS_MOVE = YES;
				CLANG_WARN_UNGUARDED_AVAILABILITY = YES_AGGRESSIVE;
				CLANG_WARN_UNREACHABLE_CODE = YES;
				CLANG_WARN__DUPLICATE_METHOD_MATCH = YES;
				COPY_PHASE_STRIP = NO;
				DEBUG_INFORMATION_FORMAT = "dwarf-with-dsym";
				ENABLE_NS_ASSERTIONS = NO;
				ENABLE_STRICT_OBJC_MSGSEND = YES;
				GCC_C_LANGUAGE_STANDARD = gnu11;
				GCC_NO_COMMON_BLOCKS = YES;
				GCC_WARN_64_TO_32_BIT_CONVERSION = YES;
				GCC_WARN_ABOUT_RETURN_TYPE = YES_ERROR;
				GCC_WARN_UNDECLARED_SELECTOR = YES;
				GCC_WARN_UNINITIALIZED_AUTOS = YES_AGGRESSIVE;
				GCC_WARN_UNUSED_FUNCTION = YES;
				GCC_WARN_UNUSED_VARIABLE = YES;
				IPHONEOS_DEPLOYMENT_TARGET = 14.5;
				MTL_ENABLE_DEBUG_INFO = NO;
				MTL_FAST_MATH = YES;
				SDKROOT = iphoneos;
				SWIFT_COMPILATION_MODE = wholemodule;
				SWIFT_OPTIMIZATION_LEVEL = "-O";
				VALIDATE_PRODUCT = YES;
			};
			name = Release;
		};
		1B3A50F726BBD89300F36EBB /* Debug */ = {
			isa = XCBuildConfiguration;
			baseConfigurationReference = 75BAE704AC05E928581A4403 /* Pods-dailyattendancemanagement.debug.xcconfig */;
			buildSettings = {
				ASSETCATALOG_COMPILER_APPICON_NAME = AppIcon;
				ASSETCATALOG_COMPILER_GLOBAL_ACCENT_COLOR_NAME = AccentColor;
				CODE_SIGN_ENTITLEMENTS = dailyattendancemanagement/dailyattendancemanagement.entitlements;
				CODE_SIGN_STYLE = Automatic;
				DEVELOPMENT_ASSET_PATHS = "\"dailyattendancemanagement/Preview Content\"";
				DEVELOPMENT_TEAM = QU9EPTU238;
				ENABLE_PREVIEWS = YES;
				INFOPLIST_FILE = dailyattendancemanagement/Info.plist;
				IPHONEOS_DEPLOYMENT_TARGET = 14.1;
				LD_RUNPATH_SEARCH_PATHS = (
					"$(inherited)",
					"@executable_path/Frameworks",
				);
				PRODUCT_BUNDLE_IDENTIFIER = net.kongbaguni.dailyattendancemanagement;
				PRODUCT_NAME = "$(TARGET_NAME)";
				SWIFT_VERSION = 5.0;
				TARGETED_DEVICE_FAMILY = "1,2";
			};
			name = Debug;
		};
		1B3A50F826BBD89300F36EBB /* Release */ = {
			isa = XCBuildConfiguration;
			baseConfigurationReference = 55A67EEFB5B54218781CAACC /* Pods-dailyattendancemanagement.release.xcconfig */;
			buildSettings = {
				ASSETCATALOG_COMPILER_APPICON_NAME = AppIcon;
				ASSETCATALOG_COMPILER_GLOBAL_ACCENT_COLOR_NAME = AccentColor;
				CODE_SIGN_ENTITLEMENTS = dailyattendancemanagement/dailyattendancemanagement.entitlements;
				CODE_SIGN_STYLE = Automatic;
				DEVELOPMENT_ASSET_PATHS = "\"dailyattendancemanagement/Preview Content\"";
				DEVELOPMENT_TEAM = QU9EPTU238;
				ENABLE_PREVIEWS = YES;
				INFOPLIST_FILE = dailyattendancemanagement/Info.plist;
				IPHONEOS_DEPLOYMENT_TARGET = 14.1;
				LD_RUNPATH_SEARCH_PATHS = (
					"$(inherited)",
					"@executable_path/Frameworks",
				);
				PRODUCT_BUNDLE_IDENTIFIER = net.kongbaguni.dailyattendancemanagement;
				PRODUCT_NAME = "$(TARGET_NAME)";
				SWIFT_VERSION = 5.0;
				TARGETED_DEVICE_FAMILY = "1,2";
			};
			name = Release;
		};
/* End XCBuildConfiguration section */

/* Begin XCConfigurationList section */
		1B3A50E226BBD89200F36EBB /* Build configuration list for PBXProject "dailyattendancemanagement" */ = {
			isa = XCConfigurationList;
			buildConfigurations = (
				1B3A50F426BBD89300F36EBB /* Debug */,
				1B3A50F526BBD89300F36EBB /* Release */,
			);
			defaultConfigurationIsVisible = 0;
			defaultConfigurationName = Release;
		};
		1B3A50F626BBD89300F36EBB /* Build configuration list for PBXNativeTarget "dailyattendancemanagement" */ = {
			isa = XCConfigurationList;
			buildConfigurations = (
				1B3A50F726BBD89300F36EBB /* Debug */,
				1B3A50F826BBD89300F36EBB /* Release */,
			);
			defaultConfigurationIsVisible = 0;
			defaultConfigurationName = Release;
		};
/* End XCConfigurationList section */
	};
	rootObject = 1B3A50DF26BBD89200F36EBB /* Project object */;
}
